Microsoft Visual Studio Solution File, Format Version 12.00
# Visual Studio Version 17
VisualStudioVersion = 17.13.35931.197
MinimumVisualStudioVersion = 10.0.40219.1
Project("{FAE04EC0-301F-11D3-BF4B-00C04F79EFBC}") = "Practica3", "Practica3\Practica3.csproj", "{C1EF9742-A4DA-404E-9571-7DD80D31A15E}"
EndProject
Global
	GlobalSection(SolutionConfigurationPlatforms) = preSolution
		Debug|Any CPU = Debug|Any CPU
		Release|Any CPU = Release|Any CPU
	EndGlobalSection
	GlobalSection(ProjectConfigurationPlatforms) = postSolution
		{C1EF9742-A4DA-404E-9571-7DD80D31A15E}.Debug|Any CPU.ActiveCfg = Debug|Any CPU
		{C1EF9742-A4DA-404E-9571-7DD80D31A15E}.Debug|Any CPU.Build.0 = Debug|Any CPU
		{C1EF9742-A4DA-404E-9571-7DD80D31A15E}.Release|Any CPU.ActiveCfg = Release|Any CPU
		{C1EF9742-A4DA-404E-9571-7DD80D31A15E}.Release|Any CPU.Build.0 = Release|Any CPU
	EndGlobalSection
	GlobalSection(SolutionProperties) = preSolution
		HideSolutionNode = FALSE
	EndGlobalSection
	GlobalSection(ExtensibilityGlobals) = postSolution
		SolutionGuid = {9D0F5F59-7369-4699-8672-E8AB0D9DBDAE}
	EndGlobalSection
EndGlobal
